
Microsoft Visual Studio Solution File, Format Version 12.00
# Visual Studio Version 17
VisualStudioVersion = 17.10.35013.160
MinimumVisualStudioVersion = 10.0.40219.1
Project("{FAE04EC0-301F-11D3-BF4B-00C04F79EFBC}") = "registation", "registation\registation.csproj", "{60CA04E6-4F6C-41F9-AA39-F9924D0B7F36}"
EndProject
Global
	GlobalSection(SolutionConfigurationPlatforms) = preSolution
		Debug|Any CPU = Debug|Any CPU
		Release|Any CPU = Release|Any CPU
	EndGlobalSection
	GlobalSection(ProjectConfigurationPlatforms) = postSolution
		{60CA04E6-4F6C-41F9-AA39-F9924D0B7F36}.Debug|Any CPU.ActiveCfg = Debug|Any CPU
		{60CA04E6-4F6C-41F9-AA39-F9924D0B7F36}.Debug|Any CPU.Build.0 = Debug|Any CPU
		{60CA04E6-4F6C-41F9-AA39-F9924D0B7F36}.Release|Any CPU.ActiveCfg = Release|Any CPU
		{60CA04E6-4F6C-41F9-AA39-F9924D0B7F36}.Release|Any CPU.Build.0 = Release|Any CPU
	EndGlobalSection
	GlobalSection(SolutionProperties) = preSolution
		HideSolutionNode = FALSE
	EndGlobalSection
	GlobalSection(ExtensibilityGlobals) = postSolution
		SolutionGuid = {17F31579-8CED-4A25-8D65-9D6DAF1238E9}
	EndGlobalSection
EndGlobal
